{
  "pins" : [
    {
      "identity" : "indexstore-db",
      "kind" : "remoteSourceControl",
      "location" : "https://github.com/swiftlang/indexstore-db",
      "state" : {
        "branch" : "swift-6.3-RELEASE",
        "revision" : "003ac41513ba291f10ff1a0147ae68588914668d"
      }
    },
    {
      "identity" : "swift-lmdb",
      "kind" : "remoteSourceControl",
      "location" : "https://github.com/swiftlang/swift-lmdb.git",
      "state" : {
        "branch" : "release/6.3",
        "revision" : "1ad9a2d80b6fcde498c2242f509bd1be7d667ff8"
      }
    }
  ],
  "version" : 2
}
